// !$*UTF8*$!
{
	archiveVersion = 1;
	classes = {
	};
	objectVersion = 70;
	objects = {

/* Begin PBXBuildFile section */
		CE75F2A92C8B1557001AD0A3 /* Assets.xcassets in Resources */ = {isa = PBXBuildFile; fileRef = CE75F2A82C8B1557001AD0A3 /* Assets.xcassets */; };
		CE75F2AC2C8B1557001AD0A3 /* Preview Assets.xcassets in Resources */ = {isa = PBXBuildFile; fileRef = CE75F2AB2C8B1557001AD0A3 /* Preview Assets.xcassets */; };
		CE87D9402CB3A8BA00832BED /* DogLikeApp.swift in Sources */ = {isa = PBXBuildFile; fileRef = CE87D9362CB3A8BA00832BED /* DogLikeApp.swift */; };
		CE87D9412CB3A8BA00832BED /* DogResponse.swift in Sources */ = {isa = PBXBuildFile; fileRef = CE87D9372CB3A8BA00832BED /* DogResponse.swift */; };
		CE87D9422CB3A8BA00832BED /* DogRepositoryProtocol.swift in Sources */ = {isa = PBXBuildFile; fileRef = CE87D93D2CB3A8BA00832BED /* DogRepositoryProtocol.swift */; };
		CE87D9432CB3A8BA00832BED /* DogRepository.swift in Sources */ = {isa = PBXBuildFile; fileRef = CE87D93E2CB3A8BA00832BED /* DogRepository.swift */; };
		CE87D9442CB3A8BA00832BED /* ContentView.swift in Sources */ = {isa = PBXBuildFile; fileRef = CE87D93B2CB3A8BA00832BED /* ContentView.swift */; };
		CE87D9452CB3A8BA00832BED /* DogViewModel.swift in Sources */ = {isa = PBXBuildFile; fileRef = CE87D9392CB3A8BA00832BED /* DogViewModel.swift */; };
		FA50B3C82CDA665E00BD7D36 /* NotificationManager.swift in Sources */ = {isa = PBXBuildFile; fileRef = FA50B3C72CDA665E00BD7D36 /* NotificationManager.swift */; };
/* End PBXBuildFile section */

/* Begin PBXContainerItemProxy section */
		FA83FF7C2CD8F462005F8AF3 /* PBXContainerItemProxy */ = {
			isa = PBXContainerItemProxy;
			containerPortal = CE75F2992C8B1556001AD0A3 /* Project object */;
			proxyType = 1;
			remoteGlobalIDString = CE75F2A02C8B1556001AD0A3;
			remoteInfo = DogLike;
		};
/* End PBXContainerItemProxy section */

/* Begin PBXFileReference section */
		CE75F2A12C8B1556001AD0A3 /* DogLike.app */ = {isa = PBXFileReference; explicitFileType = wrapper.application; includeInIndex = 0; path = DogLike.app; sourceTree = BUILT_PRODUCTS_DIR; };
		CE75F2A82C8B1557001AD0A3 /* Assets.xcassets */ = {isa = PBXFileReference; lastKnownFileType = folder.assetcatalog; path = Assets.xcassets; sourceTree = "<group>"; };
		CE75F2AB2C8B1557001AD0A3 /* Preview Assets.xcassets */ = {isa = PBXFileReference; lastKnownFileType = folder.assetcatalog; path = "Preview Assets.xcassets"; sourceTree = "<group>"; };
		CE87D9362CB3A8BA00832BED /* DogLikeApp.swift */ = {isa = PBXFileReference; lastKnownFileType = sourcecode.swift; path = DogLikeApp.swift; sourceTree = "<group>"; };
		CE87D9372CB3A8BA00832BED /* DogResponse.swift */ = {isa = PBXFileReference; lastKnownFileType = sourcecode.swift; path = DogResponse.swift; sourceTree = "<group>"; };
		CE87D9392CB3A8BA00832BED /* DogViewModel.swift */ = {isa = PBXFileReference; lastKnownFileType = sourcecode.swift; path = DogViewModel.swift; sourceTree = "<group>"; };
		CE87D93B2CB3A8BA00832BED /* ContentView.swift */ = {isa = PBXFileReference; lastKnownFileType = sourcecode.swift; path = ContentView.swift; sourceTree = "<group>"; };
		CE87D93D2CB3A8BA00832BED /* DogRepositoryProtocol.swift */ = {isa = PBXFileReference; lastKnownFileType = sourcecode.swift; path = DogRepositoryProtocol.swift; sourceTree = "<group>"; };
		CE87D93E2CB3A8BA00832BED /* DogRepository.swift */ = {isa = PBXFileReference; lastKnownFileType = sourcecode.swift; path = DogRepository.swift; sourceTree = "<group>"; };
		FA50B3C72CDA665E00BD7D36 /* NotificationManager.swift */ = {isa = PBXFileReference; lastKnownFileType = sourcecode.swift; path = NotificationManager.swift; sourceTree = "<group>"; };
		FA83FF782CD8F462005F8AF3 /* DogLikeTests.xctest */ = {isa = PBXFileReference; explicitFileType = wrapper.cfbundle; includeInIndex = 0; path = DogLikeTests.xctest; sourceTree = BUILT_PRODUCTS_DIR; };
/* End PBXFileReference section */

/* Begin PBXFileSystemSynchronizedRootGroup section */
		FA83FF792CD8F462005F8AF3 /* DogLikeTests */ = {isa = PBXFileSystemSynchronizedRootGroup; explicitFileTypes = {}; explicitFolders = (); path = DogLikeTests; sourceTree = "<group>"; };
/* End PBXFileSystemSynchronizedRootGroup section */

/* Begin PBXFrameworksBuildPhase section */
		CE75F29E2C8B1556001AD0A3 /* Frameworks */ = {
			isa = PBXFrameworksBuildPhase;
			buildActionMask = 2147483647;
			files = (
			);
			runOnlyForDeploymentPostprocessing = 0;
		};
		FA83FF752CD8F462005F8AF3 /* Frameworks */ = {
			isa = PBXFrameworksBuildPhase;
			buildActionMask = 2147483647;
			files = (
			);
			runOnlyForDeploymentPostprocessing = 0;
		};
/* End PBXFrameworksBuildPhase section */

/* Begin PBXGroup section */
		CE75F2982C8B1556001AD0A3 = {
			isa = PBXGroup;
			children = (
				CE75F2A32C8B1556001AD0A3 /* DogLike */,
				FA83FF792CD8F462005F8AF3 /* DogLikeTests */,
				CE75F2A22C8B1556001AD0A3 /* Products */,
			);
			sourceTree = "<group>";
		};
		CE75F2A22C8B1556001AD0A3 /* Products */ = {
			isa = PBXGroup;
			children = (
				CE75F2A12C8B1556001AD0A3 /* DogLike.app */,
				FA83FF782CD8F462005F8AF3 /* DogLikeTests.xctest */,
			);
			name = Products;
			sourceTree = "<group>";
		};
		CE75F2A32C8B1556001AD0A3 /* DogLike */ = {
			isa = PBXGroup;
			children = (
				CE87D9362CB3A8BA00832BED /* DogLikeApp.swift */,
				CE87D9382CB3A8BA00832BED /* Model */,
				CE87D93A2CB3A8BA00832BED /* ViewModel */,
				CE87D93C2CB3A8BA00832BED /* View */,
				CE87D93F2CB3A8BA00832BED /* Repository */,
				CE75F2A82C8B1557001AD0A3 /* Assets.xcassets */,
				CE75F2AA2C8B1557001AD0A3 /* Preview Content */,
			);
			path = DogLike;
			sourceTree = "<group>";
		};
		CE75F2AA2C8B1557001AD0A3 /* Preview Content */ = {
			isa = PBXGroup;
			children = (
				CE75F2AB2C8B1557001AD0A3 /* Preview Assets.xcassets */,
			);
			path = "Preview Content";
			sourceTree = "<group>";
		};
		CE87D9382CB3A8BA00832BED /* Model */ = {
			isa = PBXGroup;
			children = (
				CE87D9372CB3A8BA00832BED /* DogResponse.swift */,
			);
			path = Model;
			sourceTree = "<group>";
		};
		CE87D93A2CB3A8BA00832BED /* ViewModel */ = {
			isa = PBXGroup;
			children = (
				CE87D9392CB3A8BA00832BED /* DogViewModel.swift */,
				FA50B3C72CDA665E00BD7D36 /* NotificationManager.swift */,
			);
			path = ViewModel;
			sourceTree = "<group>";
		};
		CE87D93C2CB3A8BA00832BED /* View */ = {
			isa = PBXGroup;
			children = (
				CE87D93B2CB3A8BA00832BED /* ContentView.swift */,
			);
			path = View;
			sourceTree = "<group>";
		};
		CE87D93F2CB3A8BA00832BED /* Repository */ = {
			isa = PBXGroup;
			children = (
				CE87D93D2CB3A8BA00832BED /* DogRepositoryProtocol.swift */,
				CE87D93E2CB3A8BA00832BED /* DogRepository.swift */,
			);
			path = Repository;
			sourceTree = "<group>";
		};
/* End PBXGroup section */

/* Begin PBXNativeTarget section */
		CE75F2A02C8B1556001AD0A3 /* DogLike */ = {
			isa = PBXNativeTarget;
			buildConfigurationList = CE75F2AF2C8B1557001AD0A3 /* Build configuration list for PBXNativeTarget "DogLike" */;
			buildPhases = (
				CE75F29D2C8B1556001AD0A3 /* Sources */,
				CE75F29E2C8B1556001AD0A3 /* Frameworks */,
				CE75F29F2C8B1556001AD0A3 /* Resources */,
			);
			buildRules = (
			);
			dependencies = (
			);
			name = DogLike;
			productName = DogLike;
			productReference = CE75F2A12C8B1556001AD0A3 /* DogLike.app */;
			productType = "com.apple.product-type.application";
		};
		FA83FF772CD8F462005F8AF3 /* DogLikeTests */ = {
			isa = PBXNativeTarget;
			buildConfigurationList = FA83FF802CD8F462005F8AF3 /* Build configuration list for PBXNativeTarget "DogLikeTests" */;
			buildPhases = (
				FA83FF742CD8F462005F8AF3 /* Sources */,
				FA83FF752CD8F462005F8AF3 /* Frameworks */,
				FA83FF762CD8F462005F8AF3 /* Resources */,
			);
			buildRules = (
			);
			dependencies = (
				FA83FF7D2CD8F462005F8AF3 /* PBXTargetDependency */,
			);
			fileSystemSynchronizedGroups = (
				FA83FF792CD8F462005F8AF3 /* DogLikeTests */,
			);
			name = DogLikeTests;
			packageProductDependencies = (
			);
			productName = DogLikeTests;
			productReference = FA83FF782CD8F462005F8AF3 /* DogLikeTests.xctest */;
			productType = "com.apple.product-type.bundle.unit-test";
		};
/* End PBXNativeTarget section */

/* Begin PBXProject section */
		CE75F2992C8B1556001AD0A3 /* Project object */ = {
			isa = PBXProject;
			attributes = {
				BuildIndependentTargetsInParallel = 1;
				LastSwiftUpdateCheck = 1610;
				LastUpgradeCheck = 1540;
				TargetAttributes = {
					CE75F2A02C8B1556001AD0A3 = {
						CreatedOnToolsVersion = 15.4;
					};
					FA83FF772CD8F462005F8AF3 = {
						CreatedOnToolsVersion = 16.1;
						TestTargetID = CE75F2A02C8B1556001AD0A3;
					};
				};
			};
			buildConfigurationList = CE75F29C2C8B1556001AD0A3 /* Build configuration list for PBXProject "DogLike" */;
			compatibilityVersion = "Xcode 14.0";
			developmentRegion = en;
			hasScannedForEncodings = 0;
			knownRegions = (
				en,
				Base,
			);
			mainGroup = CE75F2982C8B1556001AD0A3;
			productRefGroup = CE75F2A22C8B1556001AD0A3 /* Products */;
			projectDirPath = "";
			projectRoot = "";
			targets = (
				CE75F2A02C8B1556001AD0A3 /* DogLike */,
				FA83FF772CD8F462005F8AF3 /* DogLikeTests */,
			);
		};
/* End PBXProject section */

/* Begin PBXResourcesBuildPhase section */
		CE75F29F2C8B1556001AD0A3 /* Resources */ = {
			isa = PBXResourcesBuildPhase;
			buildActionMask = 2147483647;
			files = (
				CE75F2AC2C8B1557001AD0A3 /* Preview Assets.xcassets in Resources */,
				CE75F2A92C8B1557001AD0A3 /* Assets.xcassets in Resources */,
			);
			runOnlyForDeploymentPostprocessing = 0;
		};
		FA83FF762CD8F462005F8AF3 /* Resources */ = {
			isa = PBXResourcesBuildPhase;
			buildActionMask = 2147483647;
			files = (
			);
			runOnlyForDeploymentPostprocessing = 0;
		};
/* End PBXResourcesBuildPhase section */

/* Begin PBXSourcesBuildPhase section */
		CE75F29D2C8B1556001AD0A3 /* Sources */ = {
			isa = PBXSourcesBuildPhase;
			buildActionMask = 2147483647;
			files = (
				CE87D9402CB3A8BA00832BED /* DogLikeApp.swift in Sources */,
				CE87D9412CB3A8BA00832BED /* DogResponse.swift in Sources */,
				CE87D9422CB3A8BA00832BED /* DogRepositoryProtocol.swift in Sources */,
				CE87D9432CB3A8BA00832BED /* DogRepository.swift in Sources */,
				FA50B3C82CDA665E00BD7D36 /* NotificationManager.swift in Sources */,
				CE87D9442CB3A8BA00832BED /* ContentView.swift in Sources */,
				CE87D9452CB3A8BA00832BED /* DogViewModel.swift in Sources */,
			);
			runOnlyForDeploymentPostprocessing = 0;
		};
		FA83FF742CD8F462005F8AF3 /* Sources */ = {
			isa = PBXSourcesBuildPhase;
			buildActionMask = 2147483647;
			files = (
			);
			runOnlyForDeploymentPostprocessing = 0;
		};
/* End PBXSourcesBuildPhase section */

/* Begin PBXTargetDependency section */
		FA83FF7D2CD8F462005F8AF3 /* PBXTargetDependency */ = {
			isa = PBXTargetDependency;
			target = CE75F2A02C8B1556001AD0A3 /* DogLike */;
			targetProxy = FA83FF7C2CD8F462005F8AF3 /* PBXContainerItemProxy */;
		};
/* End PBXTargetDependency section */

/* Begin XCBuildConfiguration section */
		CE75F2AD2C8B1557001AD0A3 /* Debug */ = {
			isa = XCBuildConfiguration;
			buildSettings = {
				ALWAYS_SEARCH_USER_PATHS = NO;
				ASSETCATALOG_COMPILER_GENERATE_SWIFT_ASSET_SYMBOL_EXTENSIONS = YES;
				CLANG_ANALYZER_NONNULL = YES;
				CLANG_ANALYZER_NUMBER_OBJECT_CONVERSION = YES_AGGRESSIVE;
				CLANG_CXX_LANGUAGE_STANDARD = "gnu++20";
				CLANG_ENABLE_MODULES = YES;
				CLANG_ENABLE_OBJC_ARC = YES;
				CLANG_ENABLE_OBJC_WEAK = YES;
				CLANG_WARN_BLOCK_CAPTURE_AUTORELEASING = YES;
				CLANG_WARN_BOOL_CONVERSION = YES;
				CLANG_WARN_COMMA = YES;
				CLANG_WARN_CONSTANT_CONVERSION = YES;
				CLANG_WARN_DEPRECATED_OBJC_IMPLEMENTATIONS = YES;
				CLANG_WARN_DIRECT_OBJC_ISA_USAGE = YES_ERROR;
				CLANG_WARN_DOCUMENTATION_COMMENTS = YES;
				CLANG_WARN_EMPTY_BODY = YES;
				CLANG_WARN_ENUM_CONVERSION = YES;
				CLANG_WARN_INFINITE_RECURSION = YES;
				CLANG_WARN_INT_CONVERSION = YES;
				CLANG_WARN_NON_LITERAL_NULL_CONVERSION = YES;
				CLANG_WARN_OBJC_IMPLICIT_RETAIN_SELF = YES;
				CLANG_WARN_OBJC_LITERAL_CONVERSION = YES;
				CLANG_WARN_OBJC_ROOT_CLASS = YES_ERROR;
				CLANG_WARN_QUOTED_INCLUDE_IN_FRAMEWORK_HEADER = YES;
				CLANG_WARN_RANGE_LOOP_ANALYSIS = YES;
				CLANG_WARN_STRICT_PROTOTYPES = YES;
				CLANG_WARN_SUSPICIOUS_MOVE = YES;
				CLANG_WARN_UNGUARDED_AVAILABILITY = YES_AGGRESSIVE;
				CLANG_WARN_UNREACHABLE_CODE = YES;
				CLANG_WARN__DUPLICATE_METHOD_MATCH = YES;
				COPY_PHASE_STRIP = NO;
				DEBUG_INFORMATION_FORMAT = dwarf;
				ENABLE_STRICT_OBJC_MSGSEND = YES;
				ENABLE_TESTABILITY = YES;
				ENABLE_USER_SCRIPT_SANDBOXING = YES;
				GCC_C_LANGUAGE_STANDARD = gnu17;
				GCC_DYNAMIC_NO_PIC = NO;
				GCC_NO_COMMON_BLOCKS = YES;
				GCC_OPTIMIZATION_LEVEL = 0;
				GCC_PREPROCESSOR_DEFINITIONS = (
					"DEBUG=1",
					"$(inherited)",
				);
				GCC_WARN_64_TO_32_BIT_CONVERSION = YES;
				GCC_WARN_ABOUT_RETURN_TYPE = YES_ERROR;
				GCC_WARN_UNDECLARED_SELECTOR = YES;
				GCC_WARN_UNINITIALIZED_AUTOS = YES_AGGRESSIVE;
				GCC_WARN_UNUSED_FUNCTION = YES;
				GCC_WARN_UNUSED_VARIABLE = YES;
				IPHONEOS_DEPLOYMENT_TARGET = 17.5;
				LOCALIZATION_PREFERS_STRING_CATALOGS = YES;
				MTL_ENABLE_DEBUG_INFO = INCLUDE_SOURCE;
				MTL_FAST_MATH = YES;
				ONLY_ACTIVE_ARCH = YES;
				SDKROOT = iphoneos;
				SWIFT_ACTIVE_COMPILATION_CONDITIONS = "DEBUG $(inherited)";
				SWIFT_OPTIMIZATION_LEVEL = "-Onone";
			};
			name = Debug;
		};
		CE75F2AE2C8B1557001AD0A3 /* Release */ = {
			isa = XCBuildConfiguration;
			buildSettings = {
				ALWAYS_SEARCH_USER_PATHS = NO;
				ASSETCATALOG_COMPILER_GENERATE_SWIFT_ASSET_SYMBOL_EXTENSIONS = YES;
				CLANG_ANALYZER_NONNULL = YES;
				CLANG_ANALYZER_NUMBER_OBJECT_CONVERSION = YES_AGGRESSIVE;
				CLANG_CXX_LANGUAGE_STANDARD = "gnu++20";
				CLANG_ENABLE_MODULES = YES;
				CLANG_ENABLE_OBJC_ARC = YES;
				CLANG_ENABLE_OBJC_WEAK = YES;
				CLANG_WARN_BLOCK_CAPTURE_AUTORELEASING = YES;
				CLANG_WARN_BOOL_CONVERSION = YES;
				CLANG_WARN_COMMA = YES;
				CLANG_WARN_CONSTANT_CONVERSION = YES;
				CLANG_WARN_DEPRECATED_OBJC_IMPLEMENTATIONS = YES;
				CLANG_WARN_DIRECT_OBJC_ISA_USAGE = YES_ERROR;
				CLANG_WARN_DOCUMENTATION_COMMENTS = YES;
				CLANG_WARN_EMPTY_BODY = YES;
				CLANG_WARN_ENUM_CONVERSION = YES;
				CLANG_WARN_INFINITE_RECURSION = YES;
				CLANG_WARN_INT_CONVERSION = YES;
				CLANG_WARN_NON_LITERAL_NULL_CONVERSION = YES;
				CLANG_WARN_OBJC_IMPLICIT_RETAIN_SELF = YES;
				CLANG_WARN_OBJC_LITERAL_CONVERSION = YES;
				CLANG_WARN_OBJC_ROOT_CLASS = YES_ERROR;
				CLANG_WARN_QUOTED_INCLUDE_IN_FRAMEWORK_HEADER = YES;
				CLANG_WARN_RANGE_LOOP_ANALYSIS = YES;
				CLANG_WARN_STRICT_PROTOTYPES = YES;
				CLANG_WARN_SUSPICIOUS_MOVE = YES;
				CLANG_WARN_UNGUARDED_AVAILABILITY = YES_AGGRESSIVE;
				CLANG_WARN_UNREACHABLE_CODE = YES;
				CLANG_WARN__DUPLICATE_METHOD_MATCH = YES;
				COPY_PHASE_STRIP = NO;
				DEBUG_INFORMATION_FORMAT = "dwarf-with-dsym";
				ENABLE_NS_ASSERTIONS = NO;
				ENABLE_STRICT_OBJC_MSGSEND = YES;
				ENABLE_USER_SCRIPT_SANDBOXING = YES;
				GCC_C_LANGUAGE_STANDARD = gnu17;
				GCC_NO_COMMON_BLOCKS = YES;
				GCC_WARN_64_TO_32_BIT_CONVERSION = YES;
				GCC_WARN_ABOUT_RETURN_TYPE = YES_ERROR;
				GCC_WARN_UNDECLARED_SELECTOR = YES;
				GCC_WARN_UNINITIALIZED_AUTOS = YES_AGGRESSIVE;
				GCC_WARN_UNUSED_FUNCTION = YES;
				GCC_WARN_UNUSED_VARIABLE = YES;
				IPHONEOS_DEPLOYMENT_TARGET = 17.5;
				LOCALIZATION_PREFERS_STRING_CATALOGS = YES;
				MTL_ENABLE_DEBUG_INFO = NO;
				MTL_FAST_MATH = YES;
				SDKROOT = iphoneos;
				SWIFT_COMPILATION_MODE = wholemodule;
				VALIDATE_PRODUCT = YES;
			};
			name = Release;
		};
		CE75F2B02C8B1557001AD0A3 /* Debug */ = {
			isa = XCBuildConfiguration;
			buildSettings = {
				ASSETCATALOG_COMPILER_APPICON_NAME = AppIcon;
				ASSETCATALOG_COMPILER_GLOBAL_ACCENT_COLOR_NAME = AccentColor;
				CODE_SIGN_STYLE = Automatic;
				CURRENT_PROJECT_VERSION = 1;
				DEVELOPMENT_ASSET_PATHS = "\"DogLike/Preview Content\"";
				ENABLE_PREVIEWS = YES;
				GENERATE_INFOPLIST_FILE = YES;
				INFOPLIST_KEY_UIApplicationSceneManifest_Generation = YES;
				INFOPLIST_KEY_UIApplicationSupportsIndirectInputEvents = YES;
				INFOPLIST_KEY_UILaunchScreen_Generation = YES;
				INFOPLIST_KEY_UISupportedInterfaceOrientations_iPad = "UIInterfaceOrientationPortrait UIInterfaceOrientationPortraitUpsideDown UIInterfaceOrientationLandscapeLeft UIInterfaceOrientationLandscapeRight";
				INFOPLIST_KEY_UISupportedInterfaceOrientations_iPhone = "UIInterfaceOrientationPortrait UIInterfaceOrientationLandscapeLeft UIInterfaceOrientationLandscapeRight";
				LD_RUNPATH_SEARCH_PATHS = (
					"$(inherited)",
					"@executable_path/Frameworks",
				);
				MARKETING_VERSION = 1.0;
				PRODUCT_BUNDLE_IDENTIFIER = "de.syntax-institut.DogLike";
				PRODUCT_NAME = "$(TARGET_NAME)";
				SWIFT_EMIT_LOC_STRINGS = YES;
				SWIFT_VERSION = 5.0;
				TARGETED_DEVICE_FAMILY = "1,2";
			};
			name = Debug;
		};
		CE75F2B12C8B1557001AD0A3 /* Release */ = {
			isa = XCBuildConfiguration;
			buildSettings = {
				ASSETCATALOG_COMPILER_APPICON_NAME = AppIcon;
				ASSETCATALOG_COMPILER_GLOBAL_ACCENT_COLOR_NAME = AccentColor;
				CODE_SIGN_STYLE = Automatic;
				CURRENT_PROJECT_VERSION = 1;
				DEVELOPMENT_ASSET_PATHS = "\"DogLike/Preview Content\"";
				ENABLE_PREVIEWS = YES;
				GENERATE_INFOPLIST_FILE = YES;
				INFOPLIST_KEY_UIApplicationSceneManifest_Generation = YES;
				INFOPLIST_KEY_UIApplicationSupportsIndirectInputEvents = YES;
				INFOPLIST_KEY_UILaunchScreen_Generation = YES;
				INFOPLIST_KEY_UISupportedInterfaceOrientations_iPad = "UIInterfaceOrientationPortrait UIInterfaceOrientationPortraitUpsideDown UIInterfaceOrientationLandscapeLeft UIInterfaceOrientationLandscapeRight";
				INFOPLIST_KEY_UISupportedInterfaceOrientations_iPhone = "UIInterfaceOrientationPortrait UIInterfaceOrientationLandscapeLeft UIInterfaceOrientationLandscapeRight";
				LD_RUNPATH_SEARCH_PATHS = (
					"$(inherited)",
					"@executable_path/Frameworks",
				);
				MARKETING_VERSION = 1.0;
				PRODUCT_BUNDLE_IDENTIFIER = "de.syntax-institut.DogLike";
				PRODUCT_NAME = "$(TARGET_NAME)";
				SWIFT_EMIT_LOC_STRINGS = YES;
				SWIFT_VERSION = 5.0;
				TARGETED_DEVICE_FAMILY = "1,2";
			};
			name = Release;
		};
		FA83FF7E2CD8F462005F8AF3 /* Debug */ = {
			isa = XCBuildConfiguration;
			buildSettings = {
				BUNDLE_LOADER = "$(TEST_HOST)";
				CODE_SIGN_STYLE = Automatic;
				CURRENT_PROJECT_VERSION = 1;
				GENERATE_INFOPLIST_FILE = YES;
				IPHONEOS_DEPLOYMENT_TARGET = 18.1;
				MARKETING_VERSION = 1.0;
				PRODUCT_BUNDLE_IDENTIFIER = de.neone.DogLikeTests;
				PRODUCT_NAME = "$(TARGET_NAME)";
				SWIFT_EMIT_LOC_STRINGS = NO;
				SWIFT_VERSION = 5.0;
				TARGETED_DEVICE_FAMILY = "1,2";
				TEST_HOST = "$(BUILT_PRODUCTS_DIR)/DogLike.app/$(BUNDLE_EXECUTABLE_FOLDER_PATH)/DogLike";
			};
			name = Debug;
		};
		FA83FF7F2CD8F462005F8AF3 /* Release */ = {
			isa = XCBuildConfiguration;
			buildSettings = {
				BUNDLE_LOADER = "$(TEST_HOST)";
				CODE_SIGN_STYLE = Automatic;
				CURRENT_PROJECT_VERSION = 1;
				GENERATE_INFOPLIST_FILE = YES;
				IPHONEOS_DEPLOYMENT_TARGET = 18.1;
				MARKETING_VERSION = 1.0;
				PRODUCT_BUNDLE_IDENTIFIER = de.neone.DogLikeTests;
				PRODUCT_NAME = "$(TARGET_NAME)";
				SWIFT_EMIT_LOC_STRINGS = NO;
				SWIFT_VERSION = 5.0;
				TARGETED_DEVICE_FAMILY = "1,2";
				TEST_HOST = "$(BUILT_PRODUCTS_DIR)/DogLike.app/$(BUNDLE_EXECUTABLE_FOLDER_PATH)/DogLike";
			};
			name = Release;
		};
/* End XCBuildConfiguration section */

/* Begin XCConfigurationList section */
		CE75F29C2C8B1556001AD0A3 /* Build configuration list for PBXProject "DogLike" */ = {
			isa = XCConfigurationList;
			buildConfigurations = (
				CE75F2AD2C8B1557001AD0A3 /* Debug */,
				CE75F2AE2C8B1557001AD0A3 /* Release */,
			);
			defaultConfigurationIsVisible = 0;
			defaultConfigurationName = Release;
		};
		CE75F2AF2C8B1557001AD0A3 /* Build configuration list for PBXNativeTarget "DogLike" */ = {
			isa = XCConfigurationList;
			buildConfigurations = (
				CE75F2B02C8B1557001AD0A3 /* Debug */,
				CE75F2B12C8B1557001AD0A3 /* Release */,
			);
			defaultConfigurationIsVisible = 0;
			defaultConfigurationName = Release;
		};
		FA83FF802CD8F462005F8AF3 /* Build configuration list for PBXNativeTarget "DogLikeTests" */ = {
			isa = XCConfigurationList;
			buildConfigurations = (
				FA83FF7E2CD8F462005F8AF3 /* Debug */,
				FA83FF7F2CD8F462005F8AF3 /* Release */,
			);
			defaultConfigurationIsVisible = 0;
			defaultConfigurationName = Release;
		};
/* End XCConfigurationList section */
	};
	rootObject = CE75F2992C8B1556001AD0A3 /* Project object */;
}
